{
  "name": "ay-dt",
  "version": "1.0.0",
  "lockfileVersion": 1,
  "requires": true,
  "dependencies": {
    "push-and-pop": {
      "version": "1.0.0",
      "resolved": "https://registry.npmjs.org/push-and-pop/-/push-and-pop-1.0.0.tgz",
      "integrity": "sha512-0W80eRsKJ5MerNKgXDufr5jKI8slK9lMXuylSPelOFvgG0EfhPk7OJErPsP81r1vHo8e/DOiv3aTukwZRAEaqw=="
    },
    "rename-fn": {
      "version": "1.0.0",
      "resolved": "https://registry.npmjs.org/rename-fn/-/rename-fn-1.0.0.tgz",
      "integrity": "sha1-q0yZJGixHgeMqGIkrdYmpA8rDjw="
    }
  }
}
